{
    "_readme": [
        "This file locks the dependencies of your project to a known state",
        "Read more about it at https://getcomposer.org/doc/01-basic-usage.md#installing-dependencies",
        "This file is @generated automatically"
    ],
    "content-hash": "a414a6b4330ad6076b2a0350934e108a",
    "packages": [
        {
            "name": "dashifen/exception",
            "version": "1.1.1",
            "source": {
                "type": "git",
                "url": "https://github.com/dashifen/exception.git",
                "reference": "7e388534a73e8021bf4cc49e8656fa42497da212"
            },
            "dist": {
                "type": "zip",
                "url": "https://api.github.com/repos/dashifen/exception/zipball/7e388534a73e8021bf4cc49e8656fa42497da212",
                "reference": "7e388534a73e8021bf4cc49e8656fa42497da212",
                "shasum": ""
            },
            "require": {
                "php": "7.3.*"
            },
            "type": "library",
            "autoload": {
                "psr-4": {
                    "Dashifen\\Exception\\": "src/"
                }
            },
            "notification-url": "https://packagist.org/downloads/",
            "license": [
                "MIT"
            ],
            "authors": [
                {
                    "name": "David Dashifen Kees",
                    "email": "dashifen@dashifen.com",
                    "homepage": "https://dashifen.com",
                    "role": "developer"
                }
            ],
            "description": "a base class for exceptions in Dashifen's other work",
            "time": "2019-06-15T02:55:25+00:00"
        },
        {
            "name": "dashifen/repository",
            "version": "1.0.1",
            "source": {
                "type": "git",
                "url": "https://github.com/dashifen/repository.git",
                "reference": "30126ddd750a37d99978c6be9ba31869192aa71a"
            },
            "dist": {
                "type": "zip",
                "url": "https://api.github.com/repos/dashifen/repository/zipball/30126ddd750a37d99978c6be9ba31869192aa71a",
                "reference": "30126ddd750a37d99978c6be9ba31869192aa71a",
                "shasum": ""
            },
            "require": {
                "dashifen/exception": "1.1.*",
                "ext-json": "*",
                "php": "7.3.*"
            },
            "type": "library",
            "autoload": {
                "psr-4": {
                    "Dashifen\\Repository\\": "src"
                }
            },
            "notification-url": "https://packagist.org/downloads/",
            "license": [
                "WTFPL"
            ],
            "authors": [
                {
                    "name": "David Dashifen Kees",
                    "email": "dashifen@dashifen.com",
                    "role": "developer"
                }
            ],
            "description": "An object with read-only protected properties from which other objects can be extened.",
            "time": "2019-07-04T15:30:09+00:00"
        }
    ],
    "packages-dev": [],
    "aliases": [],
    "minimum-stability": "stable",
    "stability-flags": [],
    "prefer-stable": false,
    "prefer-lowest": false,
    "platform": {
        "php": "^7.2"
    },
    "platform-dev": []
}
